
Microsoft Visual Studio Solution File, Format Version 12.00
# Visual Studio Version 16
VisualStudioVersion = 16.0.30310.162
MinimumVisualStudioVersion = 10.0.40219.1
Project("{FAE04EC0-301F-11D3-BF4B-00C04F79EFBC}") = "TicTcToe", "TicTcToe.csproj", "{B8723F0F-1CC6-473D-B863-A0E8ED034915}"
EndProject
Global
	GlobalSection(SolutionConfigurationPlatforms) = preSolution
		Debug|Any CPU = Debug|Any CPU
		Release|Any CPU = Release|Any CPU
	EndGlobalSection
	GlobalSection(ProjectConfigurationPlatforms) = postSolution
		{B8723F0F-1CC6-473D-B863-A0E8ED034915}.Debug|Any CPU.ActiveCfg = Debug|Any CPU
		{B8723F0F-1CC6-473D-B863-A0E8ED034915}.Debug|Any CPU.Build.0 = Debug|Any CPU
		{B8723F0F-1CC6-473D-B863-A0E8ED034915}.Release|Any CPU.ActiveCfg = Release|Any CPU
		{B8723F0F-1CC6-473D-B863-A0E8ED034915}.Release|Any CPU.Build.0 = Release|Any CPU
	EndGlobalSection
	GlobalSection(SolutionProperties) = preSolution
		HideSolutionNode = FALSE
	EndGlobalSection
	GlobalSection(ExtensibilityGlobals) = postSolution
		SolutionGuid = {14DC9184-9E2F-49FB-AC4F-5CB79DAFA7C2}
	EndGlobalSection
EndGlobal
